Microsoft Visual Studio Solution File, Format Version 12.00
# Visual Studio Express 2012 for Windows Desktop
Project("{FAE04EC0-301F-11D3-BF4B-00C04F79EFBC}") = "WindowsTiler", "WindowsTiler\WindowsTiler.csproj", "{6CFD4704-EFF5-4C37-A5C7-F416A3988250}"
	ProjectSection(ProjectDependencies) = postProject
		{339B5215-C811-4B5A-B781-C59595BDEA3F} = {339B5215-C811-4B5A-B781-C59595BDEA3F}
		{384554D5-8C91-46B3-87DE-E0839A6FB335} = {384554D5-8C91-46B3-87DE-E0839A6FB335}
		{A78F70AC-A24A-4C1E-B4EB-57312575E82C} = {A78F70AC-A24A-4C1E-B4EB-57312575E82C}
		{D60F9758-035C-4290-B291-B2DA2E32FBC3} = {D60F9758-035C-4290-B291-B2DA2E32FBC3}
	EndProjectSection
EndProject
Project("{FAE04EC0-301F-11D3-BF4B-00C04F79EFBC}") = "LibGui", "LibGui\LibGui.csproj", "{A78F70AC-A24A-4C1E-B4EB-57312575E82C}"
	ProjectSection(ProjectDependencies) = postProject
		{339B5215-C811-4B5A-B781-C59595BDEA3F} = {339B5215-C811-4B5A-B781-C59595BDEA3F}
		{384554D5-8C91-46B3-87DE-E0839A6FB335} = {384554D5-8C91-46B3-87DE-E0839A6FB335}
		{D60F9758-035C-4290-B291-B2DA2E32FBC3} = {D60F9758-035C-4290-B291-B2DA2E32FBC3}
	EndProjectSection
EndProject
Project("{FAE04EC0-301F-11D3-BF4B-00C04F79EFBC}") = "LibGeo", "LibGeo\LibGeo.csproj", "{384554D5-8C91-46B3-87DE-E0839A6FB335}"
	ProjectSection(ProjectDependencies) = postProject
		{D60F9758-035C-4290-B291-B2DA2E32FBC3} = {D60F9758-035C-4290-B291-B2DA2E32FBC3}
	EndProjectSection
EndProject
Project("{FAE04EC0-301F-11D3-BF4B-00C04F79EFBC}") = "LibNet", "LibNet\LibNet.csproj", "{339B5215-C811-4B5A-B781-C59595BDEA3F}"
	ProjectSection(ProjectDependencies) = postProject
		{384554D5-8C91-46B3-87DE-E0839A6FB335} = {384554D5-8C91-46B3-87DE-E0839A6FB335}
		{D60F9758-035C-4290-B291-B2DA2E32FBC3} = {D60F9758-035C-4290-B291-B2DA2E32FBC3}
	EndProjectSection
EndProject
Project("{FAE04EC0-301F-11D3-BF4B-00C04F79EFBC}") = "LibSys", "LibSys\LibSys.csproj", "{D60F9758-035C-4290-B291-B2DA2E32FBC3}"
EndProject
Project("{FAE04EC0-301F-11D3-BF4B-00C04F79EFBC}") = "LibFormats", "LibFormats\LibFormats.csproj", "{14D89990-AFAC-45EF-94DD-878A3D37E2AE}"
EndProject
Project("{FAE04EC0-301F-11D3-BF4B-00C04F79EFBC}") = "LibGps", "LibGps\LibGps.csproj", "{0071FD54-6263-43CC-8B95-DCC875AEB4AB}"
EndProject
Project("{FAE04EC0-301F-11D3-BF4B-00C04F79EFBC}") = "QuakeMap", "QuakeMap\QuakeMap.csproj", "{190A26E4-5EF0-4897-B75D-B9E1CE142D93}"
EndProject
Project("{FAE04EC0-301F-11D3-BF4B-00C04F79EFBC}") = "XmlRpcSmugmugLib", "XmlRpcSmugmugLib\XmlRpcSmugmugLib.csproj", "{E0171D98-7766-4AB5-8084-83D3B0CD8F2F}"
EndProject
Global
	GlobalSection(SolutionConfigurationPlatforms) = preSolution
		Debug|Any CPU = Debug|Any CPU
		Release|Any CPU = Release|Any CPU
	EndGlobalSection
	GlobalSection(ProjectConfigurationPlatforms) = postSolution
		{6CFD4704-EFF5-4C37-A5C7-F416A3988250}.Debug|Any CPU.ActiveCfg = Debug|Any CPU
		{6CFD4704-EFF5-4C37-A5C7-F416A3988250}.Debug|Any CPU.Build.0 = Debug|Any CPU
		{6CFD4704-EFF5-4C37-A5C7-F416A3988250}.Release|Any CPU.ActiveCfg = Release|Any CPU
		{6CFD4704-EFF5-4C37-A5C7-F416A3988250}.Release|Any CPU.Build.0 = Release|Any CPU
		{A78F70AC-A24A-4C1E-B4EB-57312575E82C}.Debug|Any CPU.ActiveCfg = Debug|Any CPU
		{A78F70AC-A24A-4C1E-B4EB-57312575E82C}.Debug|Any CPU.Build.0 = Debug|Any CPU
		{A78F70AC-A24A-4C1E-B4EB-57312575E82C}.Release|Any CPU.ActiveCfg = Release|Any CPU
		{A78F70AC-A24A-4C1E-B4EB-57312575E82C}.Release|Any CPU.Build.0 = Release|Any CPU
		{384554D5-8C91-46B3-87DE-E0839A6FB335}.Debug|Any CPU.ActiveCfg = Debug|Any CPU
		{384554D5-8C91-46B3-87DE-E0839A6FB335}.Debug|Any CPU.Build.0 = Debug|Any CPU
		{384554D5-8C91-46B3-87DE-E0839A6FB335}.Release|Any CPU.ActiveCfg = Release|Any CPU
		{384554D5-8C91-46B3-87DE-E0839A6FB335}.Release|Any CPU.Build.0 = Release|Any CPU
		{339B5215-C811-4B5A-B781-C59595BDEA3F}.Debug|Any CPU.ActiveCfg = Debug|Any CPU
		{339B5215-C811-4B5A-B781-C59595BDEA3F}.Debug|Any CPU.Build.0 = Debug|Any CPU
		{339B5215-C811-4B5A-B781-C59595BDEA3F}.Release|Any CPU.ActiveCfg = Release|Any CPU
		{339B5215-C811-4B5A-B781-C59595BDEA3F}.Release|Any CPU.Build.0 = Release|Any CPU
		{D60F9758-035C-4290-B291-B2DA2E32FBC3}.Debug|Any CPU.ActiveCfg = Debug|Any CPU
		{D60F9758-035C-4290-B291-B2DA2E32FBC3}.Debug|Any CPU.Build.0 = Debug|Any CPU
		{D60F9758-035C-4290-B291-B2DA2E32FBC3}.Release|Any CPU.ActiveCfg = Release|Any CPU
		{D60F9758-035C-4290-B291-B2DA2E32FBC3}.Release|Any CPU.Build.0 = Release|Any CPU
		{14D89990-AFAC-45EF-94DD-878A3D37E2AE}.Debug|Any CPU.ActiveCfg = Debug|Any CPU
		{14D89990-AFAC-45EF-94DD-878A3D37E2AE}.Debug|Any CPU.Build.0 = Debug|Any CPU
		{14D89990-AFAC-45EF-94DD-878A3D37E2AE}.Release|Any CPU.ActiveCfg = Release|Any CPU
		{14D89990-AFAC-45EF-94DD-878A3D37E2AE}.Release|Any CPU.Build.0 = Release|Any CPU
		{0071FD54-6263-43CC-8B95-DCC875AEB4AB}.Debug|Any CPU.ActiveCfg = Debug|Any CPU
		{0071FD54-6263-43CC-8B95-DCC875AEB4AB}.Debug|Any CPU.Build.0 = Debug|Any CPU
		{0071FD54-6263-43CC-8B95-DCC875AEB4AB}.Release|Any CPU.ActiveCfg = Release|Any CPU
		{0071FD54-6263-43CC-8B95-DCC875AEB4AB}.Release|Any CPU.Build.0 = Release|Any CPU
		{190A26E4-5EF0-4897-B75D-B9E1CE142D93}.Debug|Any CPU.ActiveCfg = Debug|Any CPU
		{190A26E4-5EF0-4897-B75D-B9E1CE142D93}.Debug|Any CPU.Build.0 = Debug|Any CPU
		{190A26E4-5EF0-4897-B75D-B9E1CE142D93}.Release|Any CPU.ActiveCfg = Release|Any CPU
		{190A26E4-5EF0-4897-B75D-B9E1CE142D93}.Release|Any CPU.Build.0 = Release|Any CPU
		{E0171D98-7766-4AB5-8084-83D3B0CD8F2F}.Debug|Any CPU.ActiveCfg = Debug|Any CPU
		{E0171D98-7766-4AB5-8084-83D3B0CD8F2F}.Debug|Any CPU.Build.0 = Debug|Any CPU
		{E0171D98-7766-4AB5-8084-83D3B0CD8F2F}.Release|Any CPU.ActiveCfg = Release|Any CPU
		{E0171D98-7766-4AB5-8084-83D3B0CD8F2F}.Release|Any CPU.Build.0 = Release|Any CPU
	EndGlobalSection
	GlobalSection(SolutionProperties) = preSolution
		HideSolutionNode = FALSE
	EndGlobalSection
EndGlobal
